
Microsoft Visual Studio Solution File, Format Version 12.00
# Visual Studio Version 17
VisualStudioVersion = 17.1.32414.318
MinimumVisualStudioVersion = 10.0.40219.1
Project("{2150E333-8FDC-42A3-9474-1A3956D46DE8}") = "1.Common", "1.Common", "{1C83147B-ACA5-4E68-AC1A-BAE3059EA727}"
EndProject
Project("{2150E333-8FDC-42A3-9474-1A3956D46DE8}") = "2.Core", "2.Core", "{E41EB10B-C2A5-4462-A039-3B339E663F40}"
EndProject
Project("{2150E333-8FDC-42A3-9474-1A3956D46DE8}") = "3.Domain", "3.Domain", "{75412D84-EA8F-4254-BF69-B291F326AA0B}"
EndProject
Project("{2150E333-8FDC-42A3-9474-1A3956D46DE8}") = "4.Task", "4.Task", "{E501E0BC-EA77-4FAD-AFF3-7C3BFF7D7E57}"
EndProject
Project("{2150E333-8FDC-42A3-9474-1A3956D46DE8}") = "5.Main", "5.Main", "{FDE1B755-56F1-4542-81E5-1262E43AD586}"
EndProject
Project("{2150E333-8FDC-42A3-9474-1A3956D46DE8}") = "6.Test", "6.Test", "{A52DEF4B-2754-4308-8811-761A552E4CB0}"
EndProject
Project("{2150E333-8FDC-42A3-9474-1A3956D46DE8}") = "7.Other", "7.Other", "{B784F8FE-8075-4BDF-B380-54FDEBBD5EDB}"
EndProject
Project("{9A19103F-16F7-4668-BE54-9A1E7A4F7556}") = "XiHan.Utils", "XiHan.Utils\XiHan.Utils.csproj", "{3977EE38-D759-4BD4-946D-B0942F385BC1}"
EndProject
Project("{9A19103F-16F7-4668-BE54-9A1E7A4F7556}") = "XiHan.Infrastructures", "XiHan.Infrastructures\XiHan.Infrastructures.csproj", "{1B1A5F20-1960-4885-B769-FD391A0E1FF5}"
EndProject
Project("{9A19103F-16F7-4668-BE54-9A1E7A4F7556}") = "XiHan.EventBus", "XiHan.EventBus\XiHan.EventBus.csproj", "{88E73063-E56D-4EEB-81C1-40441F33AB53}"
EndProject
Project("{9A19103F-16F7-4668-BE54-9A1E7A4F7556}") = "XiHan.Storage", "XiHan.Storage\XiHan.Storage.csproj", "{B18A9C22-BE1E-454F-BF04-6CD7E958EF7D}"
EndProject
Project("{9A19103F-16F7-4668-BE54-9A1E7A4F7556}") = "XiHan.Subscriptions", "XiHan.Subscriptions\XiHan.Subscriptions.csproj", "{652F652D-1AD6-47AE-9CC4-0A75237181EE}"
EndProject
Project("{9A19103F-16F7-4668-BE54-9A1E7A4F7556}") = "XiHan.Models", "XiHan.Models\XiHan.Models.csproj", "{3CED79FD-74AE-4FF4-B201-F738D5E429C1}"
EndProject
Project("{9A19103F-16F7-4668-BE54-9A1E7A4F7556}") = "XiHan.Repositories", "XiHan.Repositories\XiHan.Repositories.csproj", "{364995B9-8E39-4281-BC15-F7D4236C26CD}"
EndProject
Project("{9A19103F-16F7-4668-BE54-9A1E7A4F7556}") = "XiHan.Services", "XiHan.Services\XiHan.Services.csproj", "{47BE4E1E-03DF-4A63-945D-EDD3C23660D0}"
EndProject
Project("{9A19103F-16F7-4668-BE54-9A1E7A4F7556}") = "XiHan.Jobs", "XiHan.Jobs\XiHan.Jobs.csproj", "{DE7A9141-1CA5-4CCD-9826-8D531C7FFF87}"
EndProject
Project("{9A19103F-16F7-4668-BE54-9A1E7A4F7556}") = "XiHan.WebCore", "XiHan.WebCore\XiHan.WebCore.csproj", "{A90DA206-79D6-4925-92F1-1510FECED1BC}"
EndProject
Project("{9A19103F-16F7-4668-BE54-9A1E7A4F7556}") = "XiHan.WebHost", "XiHan.WebHost\XiHan.WebHost.csproj", "{4C00412E-4CB4-44D7-B97F-8863CC10538D}"
EndProject
Project("{9A19103F-16F7-4668-BE54-9A1E7A4F7556}") = "XiHan.ConsoleTest", "XiHan.ConsoleTest\XiHan.ConsoleTest.csproj", "{2088B3B6-D253-4DEA-BEBA-B7A019C480C0}"
EndProject
Project("{9A19103F-16F7-4668-BE54-9A1E7A4F7556}") = "XiHan.UnitTest", "XiHan.UnitTest\XiHan.UnitTest.csproj", "{4BF5E23A-AC6A-4F73-9221-74EA0018F872}"
EndProject
Project("{E53339B2-1760-4266-BCC7-CA923CBCF16C}") = "docker-compose", "docker-compose.dcproj", "{EA13005B-46FF-41CE-B3DC-11C69530A11A}"
EndProject
Global
	GlobalSection(SolutionConfigurationPlatforms) = preSolution
		Debug|Any CPU = Debug|Any CPU
		Debug|ARM = Debug|ARM
		Debug|ARM64 = Debug|ARM64
		Debug|x64 = Debug|x64
		Debug|x86 = Debug|x86
		Release|Any CPU = Release|Any CPU
		Release|ARM = Release|ARM
		Release|ARM64 = Release|ARM64
		Release|x64 = Release|x64
		Release|x86 = Release|x86
	EndGlobalSection
	GlobalSection(ProjectConfigurationPlatforms) = postSolution
		{3977EE38-D759-4BD4-946D-B0942F385BC1}.Debug|Any CPU.ActiveCfg = Debug|Any CPU
		{3977EE38-D759-4BD4-946D-B0942F385BC1}.Debug|Any CPU.Build.0 = Debug|Any CPU
		{3977EE38-D759-4BD4-946D-B0942F385BC1}.Debug|ARM.ActiveCfg = Debug|Any CPU
		{3977EE38-D759-4BD4-946D-B0942F385BC1}.Debug|ARM.Build.0 = Debug|Any CPU
		{3977EE38-D759-4BD4-946D-B0942F385BC1}.Debug|ARM64.ActiveCfg = Debug|Any CPU
		{3977EE38-D759-4BD4-946D-B0942F385BC1}.Debug|ARM64.Build.0 = Debug|Any CPU
		{3977EE38-D759-4BD4-946D-B0942F385BC1}.Debug|x64.ActiveCfg = Debug|Any CPU
		{3977EE38-D759-4BD4-946D-B0942F385BC1}.Debug|x64.Build.0 = Debug|Any CPU
		{3977EE38-D759-4BD4-946D-B0942F385BC1}.Debug|x86.ActiveCfg = Debug|Any CPU
		{3977EE38-D759-4BD4-946D-B0942F385BC1}.Debug|x86.Build.0 = Debug|Any CPU
		{3977EE38-D759-4BD4-946D-B0942F385BC1}.Release|Any CPU.ActiveCfg = Release|Any CPU
		{3977EE38-D759-4BD4-946D-B0942F385BC1}.Release|Any CPU.Build.0 = Release|Any CPU
		{3977EE38-D759-4BD4-946D-B0942F385BC1}.Release|ARM.ActiveCfg = Release|Any CPU
		{3977EE38-D759-4BD4-946D-B0942F385BC1}.Release|ARM.Build.0 = Release|Any CPU
		{3977EE38-D759-4BD4-946D-B0942F385BC1}.Release|ARM64.ActiveCfg = Release|Any CPU
		{3977EE38-D759-4BD4-946D-B0942F385BC1}.Release|ARM64.Build.0 = Release|Any CPU
		{3977EE38-D759-4BD4-946D-B0942F385BC1}.Release|x64.ActiveCfg = Release|Any CPU
		{3977EE38-D759-4BD4-946D-B0942F385BC1}.Release|x64.Build.0 = Release|Any CPU
		{3977EE38-D759-4BD4-946D-B0942F385BC1}.Release|x86.ActiveCfg = Release|Any CPU
		{3977EE38-D759-4BD4-946D-B0942F385BC1}.Release|x86.Build.0 = Release|Any CPU
		{1B1A5F20-1960-4885-B769-FD391A0E1FF5}.Debug|Any CPU.ActiveCfg = Debug|Any CPU
		{1B1A5F20-1960-4885-B769-FD391A0E1FF5}.Debug|Any CPU.Build.0 = Debug|Any CPU
		{1B1A5F20-1960-4885-B769-FD391A0E1FF5}.Debug|ARM.ActiveCfg = Debug|Any CPU
		{1B1A5F20-1960-4885-B769-FD391A0E1FF5}.Debug|ARM.Build.0 = Debug|Any CPU
		{1B1A5F20-1960-4885-B769-FD391A0E1FF5}.Debug|ARM64.ActiveCfg = Debug|Any CPU
		{1B1A5F20-1960-4885-B769-FD391A0E1FF5}.Debug|ARM64.Build.0 = Debug|Any CPU
		{1B1A5F20-1960-4885-B769-FD391A0E1FF5}.Debug|x64.ActiveCfg = Debug|Any CPU
		{1B1A5F20-1960-4885-B769-FD391A0E1FF5}.Debug|x64.Build.0 = Debug|Any CPU
		{1B1A5F20-1960-4885-B769-FD391A0E1FF5}.Debug|x86.ActiveCfg = Debug|Any CPU
		{1B1A5F20-1960-4885-B769-FD391A0E1FF5}.Debug|x86.Build.0 = Debug|Any CPU
		{1B1A5F20-1960-4885-B769-FD391A0E1FF5}.Release|Any CPU.ActiveCfg = Release|Any CPU
		{1B1A5F20-1960-4885-B769-FD391A0E1FF5}.Release|Any CPU.Build.0 = Release|Any CPU
		{1B1A5F20-1960-4885-B769-FD391A0E1FF5}.Release|ARM.ActiveCfg = Release|Any CPU
		{1B1A5F20-1960-4885-B769-FD391A0E1FF5}.Release|ARM.Build.0 = Release|Any CPU
		{1B1A5F20-1960-4885-B769-FD391A0E1FF5}.Release|ARM64.ActiveCfg = Release|Any CPU
		{1B1A5F20-1960-4885-B769-FD391A0E1FF5}.Release|ARM64.Build.0 = Release|Any CPU
		{1B1A5F20-1960-4885-B769-FD391A0E1FF5}.Release|x64.ActiveCfg = Release|Any CPU
		{1B1A5F20-1960-4885-B769-FD391A0E1FF5}.Release|x64.Build.0 = Release|Any CPU
		{1B1A5F20-1960-4885-B769-FD391A0E1FF5}.Release|x86.ActiveCfg = Release|Any CPU
		{1B1A5F20-1960-4885-B769-FD391A0E1FF5}.Release|x86.Build.0 = Release|Any CPU
		{88E73063-E56D-4EEB-81C1-40441F33AB53}.Debug|Any CPU.ActiveCfg = Debug|Any CPU
		{88E73063-E56D-4EEB-81C1-40441F33AB53}.Debug|Any CPU.Build.0 = Debug|Any CPU
		{88E73063-E56D-4EEB-81C1-40441F33AB53}.Debug|ARM.ActiveCfg = Debug|Any CPU
		{88E73063-E56D-4EEB-81C1-40441F33AB53}.Debug|ARM.Build.0 = Debug|Any CPU
		{88E73063-E56D-4EEB-81C1-40441F33AB53}.Debug|ARM64.ActiveCfg = Debug|Any CPU
		{88E73063-E56D-4EEB-81C1-40441F33AB53}.Debug|ARM64.Build.0 = Debug|Any CPU
		{88E73063-E56D-4EEB-81C1-40441F33AB53}.Debug|x64.ActiveCfg = Debug|Any CPU
		{88E73063-E56D-4EEB-81C1-40441F33AB53}.Debug|x64.Build.0 = Debug|Any CPU
		{88E73063-E56D-4EEB-81C1-40441F33AB53}.Debug|x86.ActiveCfg = Debug|Any CPU
		{88E73063-E56D-4EEB-81C1-40441F33AB53}.Debug|x86.Build.0 = Debug|Any CPU
		{88E73063-E56D-4EEB-81C1-40441F33AB53}.Release|Any CPU.ActiveCfg = Release|Any CPU
		{88E73063-E56D-4EEB-81C1-40441F33AB53}.Release|Any CPU.Build.0 = Release|Any CPU
		{88E73063-E56D-4EEB-81C1-40441F33AB53}.Release|ARM.ActiveCfg = Release|Any CPU
		{88E73063-E56D-4EEB-81C1-40441F33AB53}.Release|ARM.Build.0 = Release|Any CPU
		{88E73063-E56D-4EEB-81C1-40441F33AB53}.Release|ARM64.ActiveCfg = Release|Any CPU
		{88E73063-E56D-4EEB-81C1-40441F33AB53}.Release|ARM64.Build.0 = Release|Any CPU
		{88E73063-E56D-4EEB-81C1-40441F33AB53}.Release|x64.ActiveCfg = Release|Any CPU
		{88E73063-E56D-4EEB-81C1-40441F33AB53}.Release|x64.Build.0 = Release|Any CPU
		{88E73063-E56D-4EEB-81C1-40441F33AB53}.Release|x86.ActiveCfg = Release|Any CPU
		{88E73063-E56D-4EEB-81C1-40441F33AB53}.Release|x86.Build.0 = Release|Any CPU
		{B18A9C22-BE1E-454F-BF04-6CD7E958EF7D}.Debug|Any CPU.ActiveCfg = Debug|Any CPU
		{B18A9C22-BE1E-454F-BF04-6CD7E958EF7D}.Debug|Any CPU.Build.0 = Debug|Any CPU
		{B18A9C22-BE1E-454F-BF04-6CD7E958EF7D}.Debug|ARM.ActiveCfg = Debug|Any CPU
		{B18A9C22-BE1E-454F-BF04-6CD7E958EF7D}.Debug|ARM.Build.0 = Debug|Any CPU
		{B18A9C22-BE1E-454F-BF04-6CD7E958EF7D}.Debug|ARM64.ActiveCfg = Debug|Any CPU
		{B18A9C22-BE1E-454F-BF04-6CD7E958EF7D}.Debug|ARM64.Build.0 = Debug|Any CPU
		{B18A9C22-BE1E-454F-BF04-6CD7E958EF7D}.Debug|x64.ActiveCfg = Debug|Any CPU
		{B18A9C22-BE1E-454F-BF04-6CD7E958EF7D}.Debug|x64.Build.0 = Debug|Any CPU
		{B18A9C22-BE1E-454F-BF04-6CD7E958EF7D}.Debug|x86.ActiveCfg = Debug|Any CPU
		{B18A9C22-BE1E-454F-BF04-6CD7E958EF7D}.Debug|x86.Build.0 = Debug|Any CPU
		{B18A9C22-BE1E-454F-BF04-6CD7E958EF7D}.Release|Any CPU.ActiveCfg = Release|Any CPU
		{B18A9C22-BE1E-454F-BF04-6CD7E958EF7D}.Release|Any CPU.Build.0 = Release|Any CPU
		{B18A9C22-BE1E-454F-BF04-6CD7E958EF7D}.Release|ARM.ActiveCfg = Release|Any CPU
		{B18A9C22-BE1E-454F-BF04-6CD7E958EF7D}.Release|ARM.Build.0 = Release|Any CPU
		{B18A9C22-BE1E-454F-BF04-6CD7E958EF7D}.Release|ARM64.ActiveCfg = Release|Any CPU
		{B18A9C22-BE1E-454F-BF04-6CD7E958EF7D}.Release|ARM64.Build.0 = Release|Any CPU
		{B18A9C22-BE1E-454F-BF04-6CD7E958EF7D}.Release|x64.ActiveCfg = Release|Any CPU
		{B18A9C22-BE1E-454F-BF04-6CD7E958EF7D}.Release|x64.Build.0 = Release|Any CPU
		{B18A9C22-BE1E-454F-BF04-6CD7E958EF7D}.Release|x86.ActiveCfg = Release|Any CPU
		{B18A9C22-BE1E-454F-BF04-6CD7E958EF7D}.Release|x86.Build.0 = Release|Any CPU
		{652F652D-1AD6-47AE-9CC4-0A75237181EE}.Debug|Any CPU.ActiveCfg = Debug|Any CPU
		{652F652D-1AD6-47AE-9CC4-0A75237181EE}.Debug|Any CPU.Build.0 = Debug|Any CPU
		{652F652D-1AD6-47AE-9CC4-0A75237181EE}.Debug|ARM.ActiveCfg = Debug|Any CPU
		{652F652D-1AD6-47AE-9CC4-0A75237181EE}.Debug|ARM.Build.0 = Debug|Any CPU
		{652F652D-1AD6-47AE-9CC4-0A75237181EE}.Debug|ARM64.ActiveCfg = Debug|Any CPU
		{652F652D-1AD6-47AE-9CC4-0A75237181EE}.Debug|ARM64.Build.0 = Debug|Any CPU
		{652F652D-1AD6-47AE-9CC4-0A75237181EE}.Debug|x64.ActiveCfg = Debug|Any CPU
		{652F652D-1AD6-47AE-9CC4-0A75237181EE}.Debug|x64.Build.0 = Debug|Any CPU
		{652F652D-1AD6-47AE-9CC4-0A75237181EE}.Debug|x86.ActiveCfg = Debug|Any CPU
		{652F652D-1AD6-47AE-9CC4-0A75237181EE}.Debug|x86.Build.0 = Debug|Any CPU
		{652F652D-1AD6-47AE-9CC4-0A75237181EE}.Release|Any CPU.ActiveCfg = Release|Any CPU
		{652F652D-1AD6-47AE-9CC4-0A75237181EE}.Release|Any CPU.Build.0 = Release|Any CPU
		{652F652D-1AD6-47AE-9CC4-0A75237181EE}.Release|ARM.ActiveCfg = Release|Any CPU
		{652F652D-1AD6-47AE-9CC4-0A75237181EE}.Release|ARM.Build.0 = Release|Any CPU
		{652F652D-1AD6-47AE-9CC4-0A75237181EE}.Release|ARM64.ActiveCfg = Release|Any CPU
		{652F652D-1AD6-47AE-9CC4-0A75237181EE}.Release|ARM64.Build.0 = Release|Any CPU
		{652F652D-1AD6-47AE-9CC4-0A75237181EE}.Release|x64.ActiveCfg = Release|Any CPU
		{652F652D-1AD6-47AE-9CC4-0A75237181EE}.Release|x64.Build.0 = Release|Any CPU
		{652F652D-1AD6-47AE-9CC4-0A75237181EE}.Release|x86.ActiveCfg = Release|Any CPU
		{652F652D-1AD6-47AE-9CC4-0A75237181EE}.Release|x86.Build.0 = Release|Any CPU
		{3CED79FD-74AE-4FF4-B201-F738D5E429C1}.Debug|Any CPU.ActiveCfg = Debug|Any CPU
		{3CED79FD-74AE-4FF4-B201-F738D5E429C1}.Debug|Any CPU.Build.0 = Debug|Any CPU
		{3CED79FD-74AE-4FF4-B201-F738D5E429C1}.Debug|ARM.ActiveCfg = Debug|Any CPU
		{3CED79FD-74AE-4FF4-B201-F738D5E429C1}.Debug|ARM.Build.0 = Debug|Any CPU
		{3CED79FD-74AE-4FF4-B201-F738D5E429C1}.Debug|ARM64.ActiveCfg = Debug|Any CPU
		{3CED79FD-74AE-4FF4-B201-F738D5E429C1}.Debug|ARM64.Build.0 = Debug|Any CPU
		{3CED79FD-74AE-4FF4-B201-F738D5E429C1}.Debug|x64.ActiveCfg = Debug|Any CPU
		{3CED79FD-74AE-4FF4-B201-F738D5E429C1}.Debug|x64.Build.0 = Debug|Any CPU
		{3CED79FD-74AE-4FF4-B201-F738D5E429C1}.Debug|x86.ActiveCfg = Debug|Any CPU
		{3CED79FD-74AE-4FF4-B201-F738D5E429C1}.Debug|x86.Build.0 = Debug|Any CPU
		{3CED79FD-74AE-4FF4-B201-F738D5E429C1}.Release|Any CPU.ActiveCfg = Release|Any CPU
		{3CED79FD-74AE-4FF4-B201-F738D5E429C1}.Release|Any CPU.Build.0 = Release|Any CPU
		{3CED79FD-74AE-4FF4-B201-F738D5E429C1}.Release|ARM.ActiveCfg = Release|Any CPU
		{3CED79FD-74AE-4FF4-B201-F738D5E429C1}.Release|ARM.Build.0 = Release|Any CPU
		{3CED79FD-74AE-4FF4-B201-F738D5E429C1}.Release|ARM64.ActiveCfg = Release|Any CPU
		{3CED79FD-74AE-4FF4-B201-F738D5E429C1}.Release|ARM64.Build.0 = Release|Any CPU
		{3CED79FD-74AE-4FF4-B201-F738D5E429C1}.Release|x64.ActiveCfg = Release|Any CPU
		{3CED79FD-74AE-4FF4-B201-F738D5E429C1}.Release|x64.Build.0 = Release|Any CPU
		{3CED79FD-74AE-4FF4-B201-F738D5E429C1}.Release|x86.ActiveCfg = Release|Any CPU
		{3CED79FD-74AE-4FF4-B201-F738D5E429C1}.Release|x86.Build.0 = Release|Any CPU
		{364995B9-8E39-4281-BC15-F7D4236C26CD}.Debug|Any CPU.ActiveCfg = Debug|Any CPU
		{364995B9-8E39-4281-BC15-F7D4236C26CD}.Debug|Any CPU.Build.0 = Debug|Any CPU
		{364995B9-8E39-4281-BC15-F7D4236C26CD}.Debug|ARM.ActiveCfg = Debug|Any CPU
		{364995B9-8E39-4281-BC15-F7D4236C26CD}.Debug|ARM.Build.0 = Debug|Any CPU
		{364995B9-8E39-4281-BC15-F7D4236C26CD}.Debug|ARM64.ActiveCfg = Debug|Any CPU
		{364995B9-8E39-4281-BC15-F7D4236C26CD}.Debug|ARM64.Build.0 = Debug|Any CPU
		{364995B9-8E39-4281-BC15-F7D4236C26CD}.Debug|x64.ActiveCfg = Debug|Any CPU
		{364995B9-8E39-4281-BC15-F7D4236C26CD}.Debug|x64.Build.0 = Debug|Any CPU
		{364995B9-8E39-4281-BC15-F7D4236C26CD}.Debug|x86.ActiveCfg = Debug|Any CPU
		{364995B9-8E39-4281-BC15-F7D4236C26CD}.Debug|x86.Build.0 = Debug|Any CPU
		{364995B9-8E39-4281-BC15-F7D4236C26CD}.Release|Any CPU.ActiveCfg = Release|Any CPU
		{364995B9-8E39-4281-BC15-F7D4236C26CD}.Release|Any CPU.Build.0 = Release|Any CPU
		{364995B9-8E39-4281-BC15-F7D4236C26CD}.Release|ARM.ActiveCfg = Release|Any CPU
		{364995B9-8E39-4281-BC15-F7D4236C26CD}.Release|ARM.Build.0 = Release|Any CPU
		{364995B9-8E39-4281-BC15-F7D4236C26CD}.Release|ARM64.ActiveCfg = Release|Any CPU
		{364995B9-8E39-4281-BC15-F7D4236C26CD}.Release|ARM64.Build.0 = Release|Any CPU
		{364995B9-8E39-4281-BC15-F7D4236C26CD}.Release|x64.ActiveCfg = Release|Any CPU
		{364995B9-8E39-4281-BC15-F7D4236C26CD}.Release|x64.Build.0 = Release|Any CPU
		{364995B9-8E39-4281-BC15-F7D4236C26CD}.Release|x86.ActiveCfg = Release|Any CPU
		{364995B9-8E39-4281-BC15-F7D4236C26CD}.Release|x86.Build.0 = Release|Any CPU
		{47BE4E1E-03DF-4A63-945D-EDD3C23660D0}.Debug|Any CPU.ActiveCfg = Debug|Any CPU
		{47BE4E1E-03DF-4A63-945D-EDD3C23660D0}.Debug|Any CPU.Build.0 = Debug|Any CPU
		{47BE4E1E-03DF-4A63-945D-EDD3C23660D0}.Debug|ARM.ActiveCfg = Debug|Any CPU
		{47BE4E1E-03DF-4A63-945D-EDD3C23660D0}.Debug|ARM.Build.0 = Debug|Any CPU
		{47BE4E1E-03DF-4A63-945D-EDD3C23660D0}.Debug|ARM64.ActiveCfg = Debug|Any CPU
		{47BE4E1E-03DF-4A63-945D-EDD3C23660D0}.Debug|ARM64.Build.0 = Debug|Any CPU
		{47BE4E1E-03DF-4A63-945D-EDD3C23660D0}.Debug|x64.ActiveCfg = Debug|Any CPU
		{47BE4E1E-03DF-4A63-945D-EDD3C23660D0}.Debug|x64.Build.0 = Debug|Any CPU
		{47BE4E1E-03DF-4A63-945D-EDD3C23660D0}.Debug|x86.ActiveCfg = Debug|Any CPU
		{47BE4E1E-03DF-4A63-945D-EDD3C23660D0}.Debug|x86.Build.0 = Debug|Any CPU
		{47BE4E1E-03DF-4A63-945D-EDD3C23660D0}.Release|Any CPU.ActiveCfg = Release|Any CPU
		{47BE4E1E-03DF-4A63-945D-EDD3C23660D0}.Release|Any CPU.Build.0 = Release|Any CPU
		{47BE4E1E-03DF-4A63-945D-EDD3C23660D0}.Release|ARM.ActiveCfg = Release|Any CPU
		{47BE4E1E-03DF-4A63-945D-EDD3C23660D0}.Release|ARM.Build.0 = Release|Any CPU
		{47BE4E1E-03DF-4A63-945D-EDD3C23660D0}.Release|ARM64.ActiveCfg = Release|Any CPU
		{47BE4E1E-03DF-4A63-945D-EDD3C23660D0}.Release|ARM64.Build.0 = Release|Any CPU
		{47BE4E1E-03DF-4A63-945D-EDD3C23660D0}.Release|x64.ActiveCfg = Release|Any CPU
		{47BE4E1E-03DF-4A63-945D-EDD3C23660D0}.Release|x64.Build.0 = Release|Any CPU
		{47BE4E1E-03DF-4A63-945D-EDD3C23660D0}.Release|x86.ActiveCfg = Release|Any CPU
		{47BE4E1E-03DF-4A63-945D-EDD3C23660D0}.Release|x86.Build.0 = Release|Any CPU
		{DE7A9141-1CA5-4CCD-9826-8D531C7FFF87}.Debug|Any CPU.ActiveCfg = Debug|Any CPU
		{DE7A9141-1CA5-4CCD-9826-8D531C7FFF87}.Debug|Any CPU.Build.0 = Debug|Any CPU
		{DE7A9141-1CA5-4CCD-9826-8D531C7FFF87}.Debug|ARM.ActiveCfg = Debug|Any CPU
		{DE7A9141-1CA5-4CCD-9826-8D531C7FFF87}.Debug|ARM.Build.0 = Debug|Any CPU
		{DE7A9141-1CA5-4CCD-9826-8D531C7FFF87}.Debug|ARM64.ActiveCfg = Debug|Any CPU
		{DE7A9141-1CA5-4CCD-9826-8D531C7FFF87}.Debug|ARM64.Build.0 = Debug|Any CPU
		{DE7A9141-1CA5-4CCD-9826-8D531C7FFF87}.Debug|x64.ActiveCfg = Debug|Any CPU
		{DE7A9141-1CA5-4CCD-9826-8D531C7FFF87}.Debug|x64.Build.0 = Debug|Any CPU
		{DE7A9141-1CA5-4CCD-9826-8D531C7FFF87}.Debug|x86.ActiveCfg = Debug|Any CPU
		{DE7A9141-1CA5-4CCD-9826-8D531C7FFF87}.Debug|x86.Build.0 = Debug|Any CPU
		{DE7A9141-1CA5-4CCD-9826-8D531C7FFF87}.Release|Any CPU.ActiveCfg = Release|Any CPU
		{DE7A9141-1CA5-4CCD-9826-8D531C7FFF87}.Release|Any CPU.Build.0 = Release|Any CPU
		{DE7A9141-1CA5-4CCD-9826-8D531C7FFF87}.Release|ARM.ActiveCfg = Release|Any CPU
		{DE7A9141-1CA5-4CCD-9826-8D531C7FFF87}.Release|ARM.Build.0 = Release|Any CPU
		{DE7A9141-1CA5-4CCD-9826-8D531C7FFF87}.Release|ARM64.ActiveCfg = Release|Any CPU
		{DE7A9141-1CA5-4CCD-9826-8D531C7FFF87}.Release|ARM64.Build.0 = Release|Any CPU
		{DE7A9141-1CA5-4CCD-9826-8D531C7FFF87}.Release|x64.ActiveCfg = Release|Any CPU
		{DE7A9141-1CA5-4CCD-9826-8D531C7FFF87}.Release|x64.Build.0 = Release|Any CPU
		{DE7A9141-1CA5-4CCD-9826-8D531C7FFF87}.Release|x86.ActiveCfg = Release|Any CPU
		{DE7A9141-1CA5-4CCD-9826-8D531C7FFF87}.Release|x86.Build.0 = Release|Any CPU
		{A90DA206-79D6-4925-92F1-1510FECED1BC}.Debug|Any CPU.ActiveCfg = Debug|Any CPU
		{A90DA206-79D6-4925-92F1-1510FECED1BC}.Debug|Any CPU.Build.0 = Debug|Any CPU
		{A90DA206-79D6-4925-92F1-1510FECED1BC}.Debug|ARM.ActiveCfg = Debug|Any CPU
		{A90DA206-79D6-4925-92F1-1510FECED1BC}.Debug|ARM.Build.0 = Debug|Any CPU
		{A90DA206-79D6-4925-92F1-1510FECED1BC}.Debug|ARM64.ActiveCfg = Debug|Any CPU
		{A90DA206-79D6-4925-92F1-1510FECED1BC}.Debug|ARM64.Build.0 = Debug|Any CPU
		{A90DA206-79D6-4925-92F1-1510FECED1BC}.Debug|x64.ActiveCfg = Debug|Any CPU
		{A90DA206-79D6-4925-92F1-1510FECED1BC}.Debug|x64.Build.0 = Debug|Any CPU
		{A90DA206-79D6-4925-92F1-1510FECED1BC}.Debug|x86.ActiveCfg = Debug|Any CPU
		{A90DA206-79D6-4925-92F1-1510FECED1BC}.Debug|x86.Build.0 = Debug|Any CPU
		{A90DA206-79D6-4925-92F1-1510FECED1BC}.Release|Any CPU.ActiveCfg = Release|Any CPU
		{A90DA206-79D6-4925-92F1-1510FECED1BC}.Release|Any CPU.Build.0 = Release|Any CPU
		{A90DA206-79D6-4925-92F1-1510FECED1BC}.Release|ARM.ActiveCfg = Release|Any CPU
		{A90DA206-79D6-4925-92F1-1510FECED1BC}.Release|ARM.Build.0 = Release|Any CPU
		{A90DA206-79D6-4925-92F1-1510FECED1BC}.Release|ARM64.ActiveCfg = Release|Any CPU
		{A90DA206-79D6-4925-92F1-1510FECED1BC}.Release|ARM64.Build.0 = Release|Any CPU
		{A90DA206-79D6-4925-92F1-1510FECED1BC}.Release|x64.ActiveCfg = Release|Any CPU
		{A90DA206-79D6-4925-92F1-1510FECED1BC}.Release|x64.Build.0 = Release|Any CPU
		{A90DA206-79D6-4925-92F1-1510FECED1BC}.Release|x86.ActiveCfg = Release|Any CPU
		{A90DA206-79D6-4925-92F1-1510FECED1BC}.Release|x86.Build.0 = Release|Any CPU
		{4C00412E-4CB4-44D7-B97F-8863CC10538D}.Debug|Any CPU.ActiveCfg = Debug|Any CPU
		{4C00412E-4CB4-44D7-B97F-8863CC10538D}.Debug|Any CPU.Build.0 = Debug|Any CPU
		{4C00412E-4CB4-44D7-B97F-8863CC10538D}.Debug|ARM.ActiveCfg = Debug|Any CPU
		{4C00412E-4CB4-44D7-B97F-8863CC10538D}.Debug|ARM.Build.0 = Debug|Any CPU
		{4C00412E-4CB4-44D7-B97F-8863CC10538D}.Debug|ARM64.ActiveCfg = Debug|Any CPU
		{4C00412E-4CB4-44D7-B97F-8863CC10538D}.Debug|ARM64.Build.0 = Debug|Any CPU
		{4C00412E-4CB4-44D7-B97F-8863CC10538D}.Debug|x64.ActiveCfg = Debug|Any CPU
		{4C00412E-4CB4-44D7-B97F-8863CC10538D}.Debug|x64.Build.0 = Debug|Any CPU
		{4C00412E-4CB4-44D7-B97F-8863CC10538D}.Debug|x86.ActiveCfg = Debug|Any CPU
		{4C00412E-4CB4-44D7-B97F-8863CC10538D}.Debug|x86.Build.0 = Debug|Any CPU
		{4C00412E-4CB4-44D7-B97F-8863CC10538D}.Release|Any CPU.ActiveCfg = Release|Any CPU
		{4C00412E-4CB4-44D7-B97F-8863CC10538D}.Release|Any CPU.Build.0 = Release|Any CPU
		{4C00412E-4CB4-44D7-B97F-8863CC10538D}.Release|ARM.ActiveCfg = Release|Any CPU
		{4C00412E-4CB4-44D7-B97F-8863CC10538D}.Release|ARM.Build.0 = Release|Any CPU
		{4C00412E-4CB4-44D7-B97F-8863CC10538D}.Release|ARM64.ActiveCfg = Release|Any CPU
		{4C00412E-4CB4-44D7-B97F-8863CC10538D}.Release|ARM64.Build.0 = Release|Any CPU
		{4C00412E-4CB4-44D7-B97F-8863CC10538D}.Release|x64.ActiveCfg = Release|Any CPU
		{4C00412E-4CB4-44D7-B97F-8863CC10538D}.Release|x64.Build.0 = Release|Any CPU
		{4C00412E-4CB4-44D7-B97F-8863CC10538D}.Release|x86.ActiveCfg = Release|Any CPU
		{4C00412E-4CB4-44D7-B97F-8863CC10538D}.Release|x86.Build.0 = Release|Any CPU
		{2088B3B6-D253-4DEA-BEBA-B7A019C480C0}.Debug|Any CPU.ActiveCfg = Debug|Any CPU
		{2088B3B6-D253-4DEA-BEBA-B7A019C480C0}.Debug|Any CPU.Build.0 = Debug|Any CPU
		{2088B3B6-D253-4DEA-BEBA-B7A019C480C0}.Debug|ARM.ActiveCfg = Debug|Any CPU
		{2088B3B6-D253-4DEA-BEBA-B7A019C480C0}.Debug|ARM.Build.0 = Debug|Any CPU
		{2088B3B6-D253-4DEA-BEBA-B7A019C480C0}.Debug|ARM64.ActiveCfg = Debug|Any CPU
		{2088B3B6-D253-4DEA-BEBA-B7A019C480C0}.Debug|ARM64.Build.0 = Debug|Any CPU
		{2088B3B6-D253-4DEA-BEBA-B7A019C480C0}.Debug|x64.ActiveCfg = Debug|Any CPU
		{2088B3B6-D253-4DEA-BEBA-B7A019C480C0}.Debug|x64.Build.0 = Debug|Any CPU
		{2088B3B6-D253-4DEA-BEBA-B7A019C480C0}.Debug|x86.ActiveCfg = Debug|Any CPU
		{2088B3B6-D253-4DEA-BEBA-B7A019C480C0}.Debug|x86.Build.0 = Debug|Any CPU
		{2088B3B6-D253-4DEA-BEBA-B7A019C480C0}.Release|Any CPU.ActiveCfg = Release|Any CPU
		{2088B3B6-D253-4DEA-BEBA-B7A019C480C0}.Release|Any CPU.Build.0 = Release|Any CPU
		{2088B3B6-D253-4DEA-BEBA-B7A019C480C0}.Release|ARM.ActiveCfg = Release|Any CPU
		{2088B3B6-D253-4DEA-BEBA-B7A019C480C0}.Release|ARM.Build.0 = Release|Any CPU
		{2088B3B6-D253-4DEA-BEBA-B7A019C480C0}.Release|ARM64.ActiveCfg = Release|Any CPU
		{2088B3B6-D253-4DEA-BEBA-B7A019C480C0}.Release|ARM64.Build.0 = Release|Any CPU
		{2088B3B6-D253-4DEA-BEBA-B7A019C480C0}.Release|x64.ActiveCfg = Release|Any CPU
		{2088B3B6-D253-4DEA-BEBA-B7A019C480C0}.Release|x64.Build.0 = Release|Any CPU
		{2088B3B6-D253-4DEA-BEBA-B7A019C480C0}.Release|x86.ActiveCfg = Release|Any CPU
		{2088B3B6-D253-4DEA-BEBA-B7A019C480C0}.Release|x86.Build.0 = Release|Any CPU
		{4BF5E23A-AC6A-4F73-9221-74EA0018F872}.Debug|Any CPU.ActiveCfg = Debug|Any CPU
		{4BF5E23A-AC6A-4F73-9221-74EA0018F872}.Debug|Any CPU.Build.0 = Debug|Any CPU
		{4BF5E23A-AC6A-4F73-9221-74EA0018F872}.Debug|ARM.ActiveCfg = Debug|Any CPU
		{4BF5E23A-AC6A-4F73-9221-74EA0018F872}.Debug|ARM.Build.0 = Debug|Any CPU
		{4BF5E23A-AC6A-4F73-9221-74EA0018F872}.Debug|ARM64.ActiveCfg = Debug|Any CPU
		{4BF5E23A-AC6A-4F73-9221-74EA0018F872}.Debug|ARM64.Build.0 = Debug|Any CPU
		{4BF5E23A-AC6A-4F73-9221-74EA0018F872}.Debug|x64.ActiveCfg = Debug|Any CPU
		{4BF5E23A-AC6A-4F73-9221-74EA0018F872}.Debug|x64.Build.0 = Debug|Any CPU
		{4BF5E23A-AC6A-4F73-9221-74EA0018F872}.Debug|x86.ActiveCfg = Debug|Any CPU
		{4BF5E23A-AC6A-4F73-9221-74EA0018F872}.Debug|x86.Build.0 = Debug|Any CPU
		{4BF5E23A-AC6A-4F73-9221-74EA0018F872}.Release|Any CPU.ActiveCfg = Release|Any CPU
		{4BF5E23A-AC6A-4F73-9221-74EA0018F872}.Release|Any CPU.Build.0 = Release|Any CPU
		{4BF5E23A-AC6A-4F73-9221-74EA0018F872}.Release|ARM.ActiveCfg = Release|Any CPU
		{4BF5E23A-AC6A-4F73-9221-74EA0018F872}.Release|ARM.Build.0 = Release|Any CPU
		{4BF5E23A-AC6A-4F73-9221-74EA0018F872}.Release|ARM64.ActiveCfg = Release|Any CPU
		{4BF5E23A-AC6A-4F73-9221-74EA0018F872}.Release|ARM64.Build.0 = Release|Any CPU
		{4BF5E23A-AC6A-4F73-9221-74EA0018F872}.Release|x64.ActiveCfg = Release|Any CPU
		{4BF5E23A-AC6A-4F73-9221-74EA0018F872}.Release|x64.Build.0 = Release|Any CPU
		{4BF5E23A-AC6A-4F73-9221-74EA0018F872}.Release|x86.ActiveCfg = Release|Any CPU
		{4BF5E23A-AC6A-4F73-9221-74EA0018F872}.Release|x86.Build.0 = Release|Any CPU
		{EA13005B-46FF-41CE-B3DC-11C69530A11A}.Debug|Any CPU.ActiveCfg = Debug|Any CPU
		{EA13005B-46FF-41CE-B3DC-11C69530A11A}.Debug|Any CPU.Build.0 = Debug|Any CPU
		{EA13005B-46FF-41CE-B3DC-11C69530A11A}.Debug|ARM.ActiveCfg = Debug|Any CPU
		{EA13005B-46FF-41CE-B3DC-11C69530A11A}.Debug|ARM.Build.0 = Debug|Any CPU
		{EA13005B-46FF-41CE-B3DC-11C69530A11A}.Debug|ARM64.ActiveCfg = Debug|Any CPU
		{EA13005B-46FF-41CE-B3DC-11C69530A11A}.Debug|ARM64.Build.0 = Debug|Any CPU
		{EA13005B-46FF-41CE-B3DC-11C69530A11A}.Debug|x64.ActiveCfg = Debug|Any CPU
		{EA13005B-46FF-41CE-B3DC-11C69530A11A}.Debug|x64.Build.0 = Debug|Any CPU
		{EA13005B-46FF-41CE-B3DC-11C69530A11A}.Debug|x86.ActiveCfg = Debug|Any CPU
		{EA13005B-46FF-41CE-B3DC-11C69530A11A}.Debug|x86.Build.0 = Debug|Any CPU
		{EA13005B-46FF-41CE-B3DC-11C69530A11A}.Release|Any CPU.ActiveCfg = Release|Any CPU
		{EA13005B-46FF-41CE-B3DC-11C69530A11A}.Release|Any CPU.Build.0 = Release|Any CPU
		{EA13005B-46FF-41CE-B3DC-11C69530A11A}.Release|ARM.ActiveCfg = Release|Any CPU
		{EA13005B-46FF-41CE-B3DC-11C69530A11A}.Release|ARM.Build.0 = Release|Any CPU
		{EA13005B-46FF-41CE-B3DC-11C69530A11A}.Release|ARM64.ActiveCfg = Release|Any CPU
		{EA13005B-46FF-41CE-B3DC-11C69530A11A}.Release|ARM64.Build.0 = Release|Any CPU
		{EA13005B-46FF-41CE-B3DC-11C69530A11A}.Release|x64.ActiveCfg = Release|Any CPU
		{EA13005B-46FF-41CE-B3DC-11C69530A11A}.Release|x64.Build.0 = Release|Any CPU
		{EA13005B-46FF-41CE-B3DC-11C69530A11A}.Release|x86.ActiveCfg = Release|Any CPU
		{EA13005B-46FF-41CE-B3DC-11C69530A11A}.Release|x86.Build.0 = Release|Any CPU
	EndGlobalSection
	GlobalSection(SolutionProperties) = preSolution
		HideSolutionNode = FALSE
	EndGlobalSection
	GlobalSection(NestedProjects) = preSolution
		{3977EE38-D759-4BD4-946D-B0942F385BC1} = {1C83147B-ACA5-4E68-AC1A-BAE3059EA727}
		{1B1A5F20-1960-4885-B769-FD391A0E1FF5} = {E41EB10B-C2A5-4462-A039-3B339E663F40}
		{88E73063-E56D-4EEB-81C1-40441F33AB53} = {E41EB10B-C2A5-4462-A039-3B339E663F40}
		{B18A9C22-BE1E-454F-BF04-6CD7E958EF7D} = {E41EB10B-C2A5-4462-A039-3B339E663F40}
		{652F652D-1AD6-47AE-9CC4-0A75237181EE} = {E41EB10B-C2A5-4462-A039-3B339E663F40}
		{3CED79FD-74AE-4FF4-B201-F738D5E429C1} = {75412D84-EA8F-4254-BF69-B291F326AA0B}
		{364995B9-8E39-4281-BC15-F7D4236C26CD} = {75412D84-EA8F-4254-BF69-B291F326AA0B}
		{47BE4E1E-03DF-4A63-945D-EDD3C23660D0} = {75412D84-EA8F-4254-BF69-B291F326AA0B}
		{DE7A9141-1CA5-4CCD-9826-8D531C7FFF87} = {E501E0BC-EA77-4FAD-AFF3-7C3BFF7D7E57}
		{A90DA206-79D6-4925-92F1-1510FECED1BC} = {FDE1B755-56F1-4542-81E5-1262E43AD586}
		{4C00412E-4CB4-44D7-B97F-8863CC10538D} = {FDE1B755-56F1-4542-81E5-1262E43AD586}
		{2088B3B6-D253-4DEA-BEBA-B7A019C480C0} = {A52DEF4B-2754-4308-8811-761A552E4CB0}
		{4BF5E23A-AC6A-4F73-9221-74EA0018F872} = {A52DEF4B-2754-4308-8811-761A552E4CB0}
		{EA13005B-46FF-41CE-B3DC-11C69530A11A} = {B784F8FE-8075-4BDF-B380-54FDEBBD5EDB}
	EndGlobalSection
	GlobalSection(ExtensibilityGlobals) = postSolution
		SolutionGuid = {CC056874-6148-4EB3-B306-61BC01E792CD}
	EndGlobalSection
EndGlobal
